
Microsoft Visual Studio Solution File, Format Version 12.00
# Visual Studio Version 16
VisualStudioVersion = 16.0.29728.190
MinimumVisualStudioVersion = 10.0.40219.1
Project("{FAE04EC0-301F-11D3-BF4B-00C04F79EFBC}") = "BitPositionLookup", "BitPositionLookup\BitPositionLookup.csproj", "{87F36B0C-09E3-4864-9D37-755AD14DE8B0}"
EndProject
Project("{9A19103F-16F7-4668-BE54-9A1E7A4F7556}") = "BitPositionLookupCore", "BitPositionLookupCore\BitPositionLookupCore.csproj", "{7228E406-AC10-49F7-9DD4-0B7CFF18A435}"
EndProject
Project("{2150E333-8FDC-42A3-9474-1A3956D46DE8}") = "Shared", "Shared", "{8B7F6E8F-194A-497A-865B-738D03075FE0}"
	ProjectSection(SolutionItems) = preProject
		Shared\SetBitPositionLookup.cs = Shared\SetBitPositionLookup.cs
	EndProjectSection
EndProject
Global
	GlobalSection(SolutionConfigurationPlatforms) = preSolution
		Debug|Any CPU = Debug|Any CPU
		Debug|x64 = Debug|x64
		Debug|x86 = Debug|x86
		Release_VERIFY_COUNTS|Any CPU = Release_VERIFY_COUNTS|Any CPU
		Release_VERIFY_COUNTS|x64 = Release_VERIFY_COUNTS|x64
		Release_VERIFY_COUNTS|x86 = Release_VERIFY_COUNTS|x86
		Release_VERIFY_FIRST|Any CPU = Release_VERIFY_FIRST|Any CPU
		Release_VERIFY_FIRST|x64 = Release_VERIFY_FIRST|x64
		Release_VERIFY_FIRST|x86 = Release_VERIFY_FIRST|x86
		Release|Any CPU = Release|Any CPU
		Release|x64 = Release|x64
		Release|x86 = Release|x86
	EndGlobalSection
	GlobalSection(ProjectConfigurationPlatforms) = postSolution
		{87F36B0C-09E3-4864-9D37-755AD14DE8B0}.Debug|Any CPU.ActiveCfg = Debug|Any CPU
		{87F36B0C-09E3-4864-9D37-755AD14DE8B0}.Debug|Any CPU.Build.0 = Debug|Any CPU
		{87F36B0C-09E3-4864-9D37-755AD14DE8B0}.Debug|x64.ActiveCfg = Debug|x64
		{87F36B0C-09E3-4864-9D37-755AD14DE8B0}.Debug|x64.Build.0 = Debug|x64
		{87F36B0C-09E3-4864-9D37-755AD14DE8B0}.Debug|x86.ActiveCfg = Debug|x86
		{87F36B0C-09E3-4864-9D37-755AD14DE8B0}.Debug|x86.Build.0 = Debug|x86
		{87F36B0C-09E3-4864-9D37-755AD14DE8B0}.Release_VERIFY_COUNTS|Any CPU.ActiveCfg = Release_VERIFY_COUNTS|Any CPU
		{87F36B0C-09E3-4864-9D37-755AD14DE8B0}.Release_VERIFY_COUNTS|Any CPU.Build.0 = Release_VERIFY_COUNTS|Any CPU
		{87F36B0C-09E3-4864-9D37-755AD14DE8B0}.Release_VERIFY_COUNTS|x64.ActiveCfg = Release_VERIFY_COUNTS|x64
		{87F36B0C-09E3-4864-9D37-755AD14DE8B0}.Release_VERIFY_COUNTS|x64.Build.0 = Release_VERIFY_COUNTS|x64
		{87F36B0C-09E3-4864-9D37-755AD14DE8B0}.Release_VERIFY_COUNTS|x86.ActiveCfg = Release_VERIFY_COUNTS|x86
		{87F36B0C-09E3-4864-9D37-755AD14DE8B0}.Release_VERIFY_COUNTS|x86.Build.0 = Release_VERIFY_COUNTS|x86
		{87F36B0C-09E3-4864-9D37-755AD14DE8B0}.Release_VERIFY_FIRST|Any CPU.ActiveCfg = Release_VERIFY_FIRST|Any CPU
		{87F36B0C-09E3-4864-9D37-755AD14DE8B0}.Release_VERIFY_FIRST|Any CPU.Build.0 = Release_VERIFY_FIRST|Any CPU
		{87F36B0C-09E3-4864-9D37-755AD14DE8B0}.Release_VERIFY_FIRST|x64.ActiveCfg = Release_VERIFY_FIRST|x64
		{87F36B0C-09E3-4864-9D37-755AD14DE8B0}.Release_VERIFY_FIRST|x64.Build.0 = Release_VERIFY_FIRST|x64
		{87F36B0C-09E3-4864-9D37-755AD14DE8B0}.Release_VERIFY_FIRST|x86.ActiveCfg = Release_VERIFY_FIRST|x86
		{87F36B0C-09E3-4864-9D37-755AD14DE8B0}.Release_VERIFY_FIRST|x86.Build.0 = Release_VERIFY_FIRST|x86
		{87F36B0C-09E3-4864-9D37-755AD14DE8B0}.Release|Any CPU.ActiveCfg = Release|Any CPU
		{87F36B0C-09E3-4864-9D37-755AD14DE8B0}.Release|Any CPU.Build.0 = Release|Any CPU
		{87F36B0C-09E3-4864-9D37-755AD14DE8B0}.Release|x64.ActiveCfg = Release|x64
		{87F36B0C-09E3-4864-9D37-755AD14DE8B0}.Release|x64.Build.0 = Release|x64
		{87F36B0C-09E3-4864-9D37-755AD14DE8B0}.Release|x86.ActiveCfg = Release|x86
		{87F36B0C-09E3-4864-9D37-755AD14DE8B0}.Release|x86.Build.0 = Release|x86
		{7228E406-AC10-49F7-9DD4-0B7CFF18A435}.Debug|Any CPU.ActiveCfg = Debug|Any CPU
		{7228E406-AC10-49F7-9DD4-0B7CFF18A435}.Debug|Any CPU.Build.0 = Debug|Any CPU
		{7228E406-AC10-49F7-9DD4-0B7CFF18A435}.Debug|x64.ActiveCfg = Debug|Any CPU
		{7228E406-AC10-49F7-9DD4-0B7CFF18A435}.Debug|x64.Build.0 = Debug|Any CPU
		{7228E406-AC10-49F7-9DD4-0B7CFF18A435}.Debug|x86.ActiveCfg = Debug|Any CPU
		{7228E406-AC10-49F7-9DD4-0B7CFF18A435}.Debug|x86.Build.0 = Debug|Any CPU
		{7228E406-AC10-49F7-9DD4-0B7CFF18A435}.Release_VERIFY_COUNTS|Any CPU.ActiveCfg = Release_VERIFY_COUNTS|Any CPU
		{7228E406-AC10-49F7-9DD4-0B7CFF18A435}.Release_VERIFY_COUNTS|Any CPU.Build.0 = Release_VERIFY_COUNTS|Any CPU
		{7228E406-AC10-49F7-9DD4-0B7CFF18A435}.Release_VERIFY_COUNTS|x64.ActiveCfg = Release_VERIFY_COUNTS|x64
		{7228E406-AC10-49F7-9DD4-0B7CFF18A435}.Release_VERIFY_COUNTS|x64.Build.0 = Release_VERIFY_COUNTS|x64
		{7228E406-AC10-49F7-9DD4-0B7CFF18A435}.Release_VERIFY_COUNTS|x86.ActiveCfg = Release_VERIFY_COUNTS|x86
		{7228E406-AC10-49F7-9DD4-0B7CFF18A435}.Release_VERIFY_COUNTS|x86.Build.0 = Release_VERIFY_COUNTS|x86
		{7228E406-AC10-49F7-9DD4-0B7CFF18A435}.Release_VERIFY_FIRST|Any CPU.ActiveCfg = Release_VERIFY_FIRST|Any CPU
		{7228E406-AC10-49F7-9DD4-0B7CFF18A435}.Release_VERIFY_FIRST|Any CPU.Build.0 = Release_VERIFY_FIRST|Any CPU
		{7228E406-AC10-49F7-9DD4-0B7CFF18A435}.Release_VERIFY_FIRST|x64.ActiveCfg = Release_VERIFY_FIRST|x64
		{7228E406-AC10-49F7-9DD4-0B7CFF18A435}.Release_VERIFY_FIRST|x64.Build.0 = Release_VERIFY_FIRST|x64
		{7228E406-AC10-49F7-9DD4-0B7CFF18A435}.Release_VERIFY_FIRST|x86.ActiveCfg = Release_VERIFY_FIRST|x86
		{7228E406-AC10-49F7-9DD4-0B7CFF18A435}.Release_VERIFY_FIRST|x86.Build.0 = Release_VERIFY_FIRST|x86
		{7228E406-AC10-49F7-9DD4-0B7CFF18A435}.Release|Any CPU.ActiveCfg = Release|Any CPU
		{7228E406-AC10-49F7-9DD4-0B7CFF18A435}.Release|Any CPU.Build.0 = Release|Any CPU
		{7228E406-AC10-49F7-9DD4-0B7CFF18A435}.Release|x64.ActiveCfg = Release|x64
		{7228E406-AC10-49F7-9DD4-0B7CFF18A435}.Release|x64.Build.0 = Release|x64
		{7228E406-AC10-49F7-9DD4-0B7CFF18A435}.Release|x86.ActiveCfg = Release|x86
		{7228E406-AC10-49F7-9DD4-0B7CFF18A435}.Release|x86.Build.0 = Release|x86
	EndGlobalSection
	GlobalSection(SolutionProperties) = preSolution
		HideSolutionNode = FALSE
	EndGlobalSection
	GlobalSection(ExtensibilityGlobals) = postSolution
		SolutionGuid = {F71C5F32-FA6A-4DF5-B461-6366A5050388}
	EndGlobalSection
EndGlobal
